// !$*UTF8*$!
{
    archiveVersion = 1;
    classes = {
    };
    objectVersion = 77;
    objects = {

/* Begin PBXBuildFile section */
        2C5BCB902C00000100000001 /* AppDelegate.swift in Sources */ = {isa = PBXBuildFile; fileRef = 2C5BCB802C00000100000001 /* AppDelegate.swift */; };
/* End PBXBuildFile section */

/* Begin PBXFileReference section */
        2C5BCB602C00000100000001 /* MultiFunctionsIntegration.app */ = {isa = PBXFileReference; explicitFileType = wrapper.application; includeInIndex = 0; path = MultiFunctionsIntegration.app; sourceTree = BUILT_PRODUCTS_DIR; };
        2C5BCB802C00000100000001 /* AppDelegate.swift */ = {isa = PBXFileReference; lastKnownFileType = sourcecode.swift; path = AppDelegate.swift; sourceTree = "<group>"; };
        2C5BCB812C00000100000001 /* Info.plist */ = {isa = PBXFileReference; lastKnownFileType = text.plist.xml; path = Info.plist; sourceTree = "<group>"; };
/* End PBXFileReference section */

/* Begin PBXFrameworksBuildPhase section */
        2C5BCB502C00000100000001 /* Frameworks */ = {
            isa = PBXFrameworksBuildPhase;
            buildActionMask = 2147483647;
            files = (
            );
            runOnlyForDeploymentPostprocessing = 0;
        };
/* End PBXFrameworksBuildPhase section */

/* Begin PBXGroup section */
        2C5BCB302C00000100000001 = {
            isa = PBXGroup;
            children = (
                2C5BCB702C00000100000001 /* MultiFunctionsIntegration */,
                2C5BCB202C00000100000001 /* Products */,
            );
            sourceTree = "<group>";
        };
        2C5BCB202C00000100000001 /* Products */ = {
            isa = PBXGroup;
            children = (
                2C5BCB602C00000100000001 /* MultiFunctionsIntegration.app */,
            );
            name = Products;
            sourceTree = "<group>";
        };
        2C5BCB702C00000100000001 /* MultiFunctionsIntegration */ = {
            isa = PBXGroup;
            children = (
                2C5BCB802C00000100000001 /* AppDelegate.swift */,
                2C5BCB812C00000100000001 /* Info.plist */,
            );
            path = MultiFunctionsIntegration;
            sourceTree = "<group>";
        };
/* End PBXGroup section */

/* Begin PBXNativeTarget section */
        2C5BCB402C00000100000001 /* MultiFunctionsIntegration */ = {
            isa = PBXNativeTarget;
            buildConfigurationList = 2C5BCBF02C00000100000001 /* Build configuration list for PBXNativeTarget "MultiFunctionsIntegration" */;
            buildPhases = (
                2C5BCB482C00000100000001 /* Build KMP framework */,
                2C5BCB492C00000100000001 /* Sources */,
                2C5BCB502C00000100000001 /* Frameworks */,
                2C5BCB512C00000100000001 /* Resources */,
            );
            buildRules = (
            );
            dependencies = (
            );
            name = MultiFunctionsIntegration;
            productName = MultiFunctionsIntegration;
            productReference = 2C5BCB602C00000100000001 /* MultiFunctionsIntegration.app */;
            productType = "com.apple.product-type.application";
        };
/* End PBXNativeTarget section */

/* Begin PBXProject section */
        2C5BCB102C00000100000001 /* Project object */ = {
            isa = PBXProject;
            attributes = {
                BuildIndependentTargetsInParallel = 1;
                LastSwiftUpdateCheck = 2640;
                LastUpgradeCheck = 2640;
                TargetAttributes = {
                    2C5BCB402C00000100000001 = {
                        CreatedOnToolsVersion = 26.4.1;
                    };
                };
            };
            buildConfigurationList = 2C5BCBE02C00000100000001 /* Build configuration list for PBXProject "MultiFunctionsIntegration" */;
            compatibilityVersion = "Xcode 16.0";
            developmentRegion = en;
            hasScannedForEncodings = 0;
            knownRegions = (
                en,
                Base,
            );
            mainGroup = 2C5BCB302C00000100000001;
            productRefGroup = 2C5BCB202C00000100000001 /* Products */;
            projectDirPath = "";
            projectRoot = "";
            targets = (
                2C5BCB402C00000100000001 /* MultiFunctionsIntegration */,
            );
        };
/* End PBXProject section */

/* Begin PBXResourcesBuildPhase section */
        2C5BCB512C00000100000001 /* Resources */ = {
            isa = PBXResourcesBuildPhase;
            buildActionMask = 2147483647;
            files = (
            );
            runOnlyForDeploymentPostprocessing = 0;
        };
/* End PBXResourcesBuildPhase section */

/* Begin PBXShellScriptBuildPhase section */
        2C5BCB482C00000100000001 /* Build KMP framework */ = {
            isa = PBXShellScriptBuildPhase;
            alwaysOutOfDate = 1;
            buildActionMask = 2147483647;
            files = (
            );
            inputFileListPaths = (
            );
            inputPaths = (
            );
            name = "Build KMP framework";
            outputFileListPaths = (
            );
            outputPaths = (
            );
            runOnlyForDeploymentPostprocessing = 0;
            shellPath = /bin/sh;
            shellScript = "set -eu\ncd \"$SRCROOT/..\"\n\ncase \"$SDK_NAME\" in\n  iphoneos*)\n    ../gradlew :ios-app:linkDebugFrameworkIosArm64\n    ;;\n  iphonesimulator*)\n    case \"${ARCHS:-}\" in\n      *arm64*) ../gradlew :ios-app:linkDebugFrameworkIosSimulatorArm64 ;;\n    esac\n    case \"${ARCHS:-}\" in\n      *x86_64*) ../gradlew :ios-app:linkDebugFrameworkIosX64 ;;\n    esac\n    ;;\n  *)\n    echo \"Unsupported SDK_NAME: $SDK_NAME\" >&2\n    exit 1\n    ;;\nesac\n";
        };
/* End PBXShellScriptBuildPhase section */

/* Begin PBXSourcesBuildPhase section */
        2C5BCB492C00000100000001 /* Sources */ = {
            isa = PBXSourcesBuildPhase;
            buildActionMask = 2147483647;
            files = (
                2C5BCB902C00000100000001 /* AppDelegate.swift in Sources */,
            );
            runOnlyForDeploymentPostprocessing = 0;
        };
/* End PBXSourcesBuildPhase section */

/* Begin XCBuildConfiguration section */
        2C5BCC002C00000100000001 /* Debug */ = {
            isa = XCBuildConfiguration;
            buildSettings = {
                ALWAYS_SEARCH_USER_PATHS = NO;
                ASSETCATALOG_COMPILER_GENERATE_SWIFT_ASSET_SYMBOL_EXTENSIONS = YES;
                CLANG_ANALYZER_NONNULL = YES;
                CLANG_ANALYZER_NUMBER_OBJECT_CONVERSION = YES_AGGRESSIVE;
                CLANG_CXX_LANGUAGE_STANDARD = "gnu++20";
                CLANG_ENABLE_MODULES = YES;
                CLANG_ENABLE_OBJC_ARC = YES;
                CLANG_ENABLE_OBJC_WEAK = YES;
                CLANG_WARN_BLOCK_CAPTURE_AUTORELEASING = YES;
                CLANG_WARN_BOOL_CONVERSION = YES;
                CLANG_WARN_COMMA = YES;
                CLANG_WARN_CONSTANT_CONVERSION = YES;
                CLANG_WARN_DEPRECATED_OBJC_IMPLEMENTATIONS = YES;
                CLANG_WARN_DIRECT_OBJC_ISA_USAGE = YES_ERROR;
                CLANG_WARN_DOCUMENTATION_COMMENTS = YES;
                CLANG_WARN_EMPTY_BODY = YES;
                CLANG_WARN_ENUM_CONVERSION = YES;
                CLANG_WARN_INFINITE_RECURSION = YES;
                CLANG_WARN_INT_CONVERSION = YES;
                CLANG_WARN_NON_LITERAL_NULL_CONVERSION = YES;
                CLANG_WARN_OBJC_IMPLICIT_RETAIN_SELF = YES;
                CLANG_WARN_OBJC_LITERAL_CONVERSION = YES;
                CLANG_WARN_OBJC_ROOT_CLASS = YES_ERROR;
                CLANG_WARN_QUOTED_INCLUDE_IN_FRAMEWORK_HEADER = YES;
                CLANG_WARN_RANGE_LOOP_ANALYSIS = YES;
                CLANG_WARN_STRICT_PROTOTYPES = YES;
                CLANG_WARN_SUSPICIOUS_MOVE = YES;
                CLANG_WARN_UNGUARDED_AVAILABILITY = YES_AGGRESSIVE;
                CLANG_WARN_UNREACHABLE_CODE = YES;
                CLANG_WARN__DUPLICATE_METHOD_MATCH = YES;
                CODE_SIGN_STYLE = Automatic;
                COPY_PHASE_STRIP = NO;
                DEBUG_INFORMATION_FORMAT = dwarf;
                ENABLE_STRICT_OBJC_MSGSEND = YES;
                ENABLE_TESTABILITY = YES;
                ENABLE_USER_SCRIPT_SANDBOXING = NO;
                GCC_C_LANGUAGE_STANDARD = gnu17;
                GCC_DYNAMIC_NO_PIC = NO;
                GCC_NO_COMMON_BLOCKS = YES;
                GCC_OPTIMIZATION_LEVEL = 0;
                GCC_PREPROCESSOR_DEFINITIONS = (
                    "DEBUG=1",
                    "$(inherited)",
                );
                GCC_WARN_64_TO_32_BIT_CONVERSION = YES;
                GCC_WARN_ABOUT_RETURN_TYPE = YES_ERROR;
                GCC_WARN_UNDECLARED_SELECTOR = YES;
                GCC_WARN_UNINITIALIZED_AUTOS = YES_AGGRESSIVE;
                GCC_WARN_UNUSED_FUNCTION = YES;
                GCC_WARN_UNUSED_VARIABLE = YES;
                IPHONEOS_DEPLOYMENT_TARGET = 15.0;
                MTL_ENABLE_DEBUG_INFO = INCLUDE_SOURCE;
                MTL_FAST_MATH = YES;
                ONLY_ACTIVE_ARCH = YES;
                SDKROOT = iphoneos;
                SWIFT_ACTIVE_COMPILATION_CONDITIONS = DEBUG;
                SWIFT_OPTIMIZATION_LEVEL = "-Onone";
            };
            name = Debug;
        };
        2C5BCC012C00000100000001 /* Release */ = {
            isa = XCBuildConfiguration;
            buildSettings = {
                ALWAYS_SEARCH_USER_PATHS = NO;
                ASSETCATALOG_COMPILER_GENERATE_SWIFT_ASSET_SYMBOL_EXTENSIONS = YES;
                CLANG_ANALYZER_NONNULL = YES;
                CLANG_ANALYZER_NUMBER_OBJECT_CONVERSION = YES_AGGRESSIVE;
                CLANG_CXX_LANGUAGE_STANDARD = "gnu++20";
                CLANG_ENABLE_MODULES = YES;
                CLANG_ENABLE_OBJC_ARC = YES;
                CLANG_ENABLE_OBJC_WEAK = YES;
                CLANG_WARN_BLOCK_CAPTURE_AUTORELEASING = YES;
                CLANG_WARN_BOOL_CONVERSION = YES;
                CLANG_WARN_COMMA = YES;
                CLANG_WARN_CONSTANT_CONVERSION = YES;
                CLANG_WARN_DEPRECATED_OBJC_IMPLEMENTATIONS = YES;
                CLANG_WARN_DIRECT_OBJC_ISA_USAGE = YES_ERROR;
                CLANG_WARN_DOCUMENTATION_COMMENTS = YES;
                CLANG_WARN_EMPTY_BODY = YES;
                CLANG_WARN_ENUM_CONVERSION = YES;
                CLANG_WARN_INFINITE_RECURSION = YES;
                CLANG_WARN_INT_CONVERSION = YES;
                CLANG_WARN_NON_LITERAL_NULL_CONVERSION = YES;
                CLANG_WARN_OBJC_IMPLICIT_RETAIN_SELF = YES;
                CLANG_WARN_OBJC_LITERAL_CONVERSION = YES;
                CLANG_WARN_OBJC_ROOT_CLASS = YES_ERROR;
                CLANG_WARN_QUOTED_INCLUDE_IN_FRAMEWORK_HEADER = YES;
                CLANG_WARN_RANGE_LOOP_ANALYSIS = YES;
                CLANG_WARN_STRICT_PROTOTYPES = YES;
                CLANG_WARN_SUSPICIOUS_MOVE = YES;
                CLANG_WARN_UNGUARDED_AVAILABILITY = YES_AGGRESSIVE;
                CLANG_WARN_UNREACHABLE_CODE = YES;
                CLANG_WARN__DUPLICATE_METHOD_MATCH = YES;
                CODE_SIGN_STYLE = Automatic;
                COPY_PHASE_STRIP = NO;
                DEBUG_INFORMATION_FORMAT = "dwarf-with-dsym";
                ENABLE_NS_ASSERTIONS = NO;
                ENABLE_STRICT_OBJC_MSGSEND = YES;
                ENABLE_USER_SCRIPT_SANDBOXING = NO;
                GCC_C_LANGUAGE_STANDARD = gnu17;
                GCC_NO_COMMON_BLOCKS = YES;
                GCC_WARN_64_TO_32_BIT_CONVERSION = YES;
                GCC_WARN_ABOUT_RETURN_TYPE = YES_ERROR;
                GCC_WARN_UNDECLARED_SELECTOR = YES;
                GCC_WARN_UNINITIALIZED_AUTOS = YES_AGGRESSIVE;
                GCC_WARN_UNUSED_FUNCTION = YES;
                GCC_WARN_UNUSED_VARIABLE = YES;
                IPHONEOS_DEPLOYMENT_TARGET = 15.0;
                MTL_ENABLE_DEBUG_INFO = NO;
                MTL_FAST_MATH = YES;
                SDKROOT = iphoneos;
                SWIFT_COMPILATION_MODE = wholemodule;
                VALIDATE_PRODUCT = YES;
            };
            name = Release;
        };
        2C5BCC102C00000100000001 /* Debug */ = {
            isa = XCBuildConfiguration;
            buildSettings = {
                ASSETCATALOG_COMPILER_APPICON_NAME = AppIcon;
                CODE_SIGN_STYLE = Automatic;
                CURRENT_PROJECT_VERSION = 1;
                DEVELOPMENT_ASSET_PATHS = "";
                DEVELOPMENT_TEAM = "";
                FRAMEWORK_SEARCH_PATHS = (
                    "$(inherited)",
                    "$(PROJECT_DIR)/../ios-app/build/bin/iosArm64/debugFramework",
                    "$(PROJECT_DIR)/../ios-app/build/bin/iosSimulatorArm64/debugFramework",
                    "$(PROJECT_DIR)/../ios-app/build/bin/iosX64/debugFramework",
                );
                GENERATE_INFOPLIST_FILE = NO;
                INFOPLIST_FILE = MultiFunctionsIntegration/Info.plist;
                LD_RUNPATH_SEARCH_PATHS = (
                    "$(inherited)",
                    "@executable_path/Frameworks",
                );
                MARKETING_VERSION = 1.0;
                ONLY_ACTIVE_ARCH = YES;
                OTHER_LDFLAGS = (
                    "$(inherited)",
                    "-framework",
                    MultiFunctionsIntegrationKit,
                );
                PRODUCT_BUNDLE_IDENTIFIER = io.multifunctions.integration.ios;
                PRODUCT_NAME = "$(TARGET_NAME)";
                SUPPORTED_PLATFORMS = "iphoneos iphonesimulator";
                SUPPORTS_MACCATALYST = NO;
                SUPPORTS_MAC_DESIGNED_FOR_IPHONE_IPAD = NO;
                SWIFT_EMIT_LOC_STRINGS = YES;
                SWIFT_VERSION = 5.0;
                TARGETED_DEVICE_FAMILY = "1,2";
            };
            name = Debug;
        };
        2C5BCC112C00000100000001 /* Release */ = {
            isa = XCBuildConfiguration;
            buildSettings = {
                ASSETCATALOG_COMPILER_APPICON_NAME = AppIcon;
                CODE_SIGN_STYLE = Automatic;
                CURRENT_PROJECT_VERSION = 1;
                DEVELOPMENT_ASSET_PATHS = "";
                DEVELOPMENT_TEAM = "";
                FRAMEWORK_SEARCH_PATHS = (
                    "$(inherited)",
                    "$(PROJECT_DIR)/../ios-app/build/bin/iosArm64/debugFramework",
                    "$(PROJECT_DIR)/../ios-app/build/bin/iosSimulatorArm64/debugFramework",
                    "$(PROJECT_DIR)/../ios-app/build/bin/iosX64/debugFramework",
                );
                GENERATE_INFOPLIST_FILE = NO;
                INFOPLIST_FILE = MultiFunctionsIntegration/Info.plist;
                LD_RUNPATH_SEARCH_PATHS = (
                    "$(inherited)",
                    "@executable_path/Frameworks",
                );
                MARKETING_VERSION = 1.0;
                OTHER_LDFLAGS = (
                    "$(inherited)",
                    "-framework",
                    MultiFunctionsIntegrationKit,
                );
                PRODUCT_BUNDLE_IDENTIFIER = io.multifunctions.integration.ios;
                PRODUCT_NAME = "$(TARGET_NAME)";
                SUPPORTED_PLATFORMS = "iphoneos iphonesimulator";
                SUPPORTS_MACCATALYST = NO;
                SUPPORTS_MAC_DESIGNED_FOR_IPHONE_IPAD = NO;
                SWIFT_EMIT_LOC_STRINGS = YES;
                SWIFT_VERSION = 5.0;
                TARGETED_DEVICE_FAMILY = "1,2";
            };
            name = Release;
        };
/* End XCBuildConfiguration section */

/* Begin XCConfigurationList section */
        2C5BCBE02C00000100000001 /* Build configuration list for PBXProject "MultiFunctionsIntegration" */ = {
            isa = XCConfigurationList;
            buildConfigurations = (
                2C5BCC002C00000100000001 /* Debug */,
                2C5BCC012C00000100000001 /* Release */,
            );
            defaultConfigurationIsVisible = 0;
            defaultConfigurationName = Release;
        };
        2C5BCBF02C00000100000001 /* Build configuration list for PBXNativeTarget "MultiFunctionsIntegration" */ = {
            isa = XCConfigurationList;
            buildConfigurations = (
                2C5BCC102C00000100000001 /* Debug */,
                2C5BCC112C00000100000001 /* Release */,
            );
            defaultConfigurationIsVisible = 0;
            defaultConfigurationName = Release;
        };
/* End XCConfigurationList section */
    };
    rootObject = 2C5BCB102C00000100000001 /* Project object */;
}
